
Microsoft Visual Studio Solution File, Format Version 12.00
# Visual Studio Version 17
VisualStudioVersion = 17.13.35825.156 d17.13
MinimumVisualStudioVersion = 10.0.40219.1
Project("{FAE04EC0-301F-11D3-BF4B-00C04F79EFBC}") = "EVTPROG WEEK10", "EVTPROG WEEK10.csproj", "{628360D9-4EF4-4B2F-8717-385920EFA47F}"
EndProject
Global
	GlobalSection(SolutionConfigurationPlatforms) = preSolution
		Debug|Any CPU = Debug|Any CPU
		Release|Any CPU = Release|Any CPU
	EndGlobalSection
	GlobalSection(ProjectConfigurationPlatforms) = postSolution
		{628360D9-4EF4-4B2F-8717-385920EFA47F}.Debug|Any CPU.ActiveCfg = Debug|Any CPU
		{628360D9-4EF4-4B2F-8717-385920EFA47F}.Debug|Any CPU.Build.0 = Debug|Any CPU
		{628360D9-4EF4-4B2F-8717-385920EFA47F}.Release|Any CPU.ActiveCfg = Release|Any CPU
		{628360D9-4EF4-4B2F-8717-385920EFA47F}.Release|Any CPU.Build.0 = Release|Any CPU
	EndGlobalSection
	GlobalSection(SolutionProperties) = preSolution
		HideSolutionNode = FALSE
	EndGlobalSection
	GlobalSection(ExtensibilityGlobals) = postSolution
		SolutionGuid = {83B7E98B-D025-43F8-927E-A356A33A4E82}
	EndGlobalSection
EndGlobal
